
Microsoft Visual Studio Solution File, Format Version 12.00
# Visual Studio Version 16
VisualStudioVersion = 16.6.30114.105
MinimumVisualStudioVersion = 10.0.40219.1
Project("{FAE04EC0-301F-11D3-BF4B-00C04F79EFBC}") = "Arbiter_Fragment", "Arbiter_Fragment\Arbiter_Fragment.csproj", "{75EC60EB-61F9-4ED4-937E-66A83C1946A7}"
Project("{FAE04EC0-301F-11D3-BF4B-00C04F79EFBC}") = "FinallyBeyondTheTime", "FinnalBattle\FinallyBeyondTheTime.csproj", "{4CD9E175-C11A-4C33-8291-05B1CEB86D7A}"
Project("{FAE04EC0-301F-11D3-BF4B-00C04F79EFBC}") = "NoSkinLoad", "NoSkinLoad\NoSkinLoad.csproj", "{03A4CA19-43C6-4117-8568-7320E639F306}"
Project("{FAE04EC0-301F-11D3-BF4B-00C04F79EFBC}") = "Steamworks_Updater", "Steamworks_Updater\Steamworks_Updater.csproj", "{E251374C-20AD-4654-98E2-0366C8DC7BCF}"
Project("{FAE04EC0-301F-11D3-BF4B-00C04F79EFBC}") = "ConfigAPI", "ConfigAPI\ConfigAPI.csproj", "{9AD2ECA8-753A-4784-9C60-D5670977245A}"
EndProject
Global
	GlobalSection(SolutionProperties) = preSolution
		HideSolutionNode = FALSE
	EndGlobalSection
	GlobalSection(SolutionConfigurationPlatforms) = preSolution
		Debug|Any CPU = Debug|Any CPU
		Debug|x64 = Debug|x64
		Debug|x86 = Debug|x86
		Release|Any CPU = Release|Any CPU
		Release|x64 = Release|x64
		Release|x86 = Release|x86
	EndGlobalSection
	GlobalSection(ProjectConfigurationPlatforms) = postSolution
		{75EC60EB-61F9-4ED4-937E-66A83C1946A7}.Debug|Any CPU.ActiveCfg = Debug|Any CPU
		{75EC60EB-61F9-4ED4-937E-66A83C1946A7}.Debug|Any CPU.Build.0 = Debug|Any CPU
		{75EC60EB-61F9-4ED4-937E-66A83C1946A7}.Debug|x64.ActiveCfg = Debug|Any CPU
		{75EC60EB-61F9-4ED4-937E-66A83C1946A7}.Debug|x64.Build.0 = Debug|Any CPU
		{75EC60EB-61F9-4ED4-937E-66A83C1946A7}.Debug|x86.ActiveCfg = Debug|Any CPU
		{75EC60EB-61F9-4ED4-937E-66A83C1946A7}.Debug|x86.Build.0 = Debug|Any CPU
		{75EC60EB-61F9-4ED4-937E-66A83C1946A7}.Release|Any CPU.ActiveCfg = Release|Any CPU
		{75EC60EB-61F9-4ED4-937E-66A83C1946A7}.Release|Any CPU.Build.0 = Release|Any CPU
		{75EC60EB-61F9-4ED4-937E-66A83C1946A7}.Release|x64.ActiveCfg = Release|Any CPU
		{75EC60EB-61F9-4ED4-937E-66A83C1946A7}.Release|x64.Build.0 = Release|Any CPU
		{75EC60EB-61F9-4ED4-937E-66A83C1946A7}.Release|x86.ActiveCfg = Release|Any CPU
		{75EC60EB-61F9-4ED4-937E-66A83C1946A7}.Release|x86.Build.0 = Release|Any CPU
		{4CD9E175-C11A-4C33-8291-05B1CEB86D7A}.Debug|Any CPU.ActiveCfg = Debug|Any CPU
		{4CD9E175-C11A-4C33-8291-05B1CEB86D7A}.Debug|Any CPU.Build.0 = Debug|Any CPU
		{4CD9E175-C11A-4C33-8291-05B1CEB86D7A}.Debug|x64.ActiveCfg = Debug|Any CPU
		{4CD9E175-C11A-4C33-8291-05B1CEB86D7A}.Debug|x64.Build.0 = Debug|Any CPU
		{4CD9E175-C11A-4C33-8291-05B1CEB86D7A}.Debug|x86.ActiveCfg = Debug|Any CPU
		{4CD9E175-C11A-4C33-8291-05B1CEB86D7A}.Debug|x86.Build.0 = Debug|Any CPU
		{4CD9E175-C11A-4C33-8291-05B1CEB86D7A}.Release|Any CPU.ActiveCfg = Release|Any CPU
		{4CD9E175-C11A-4C33-8291-05B1CEB86D7A}.Release|Any CPU.Build.0 = Release|Any CPU
		{4CD9E175-C11A-4C33-8291-05B1CEB86D7A}.Release|x64.ActiveCfg = Release|Any CPU
		{4CD9E175-C11A-4C33-8291-05B1CEB86D7A}.Release|x64.Build.0 = Release|Any CPU
		{4CD9E175-C11A-4C33-8291-05B1CEB86D7A}.Release|x86.ActiveCfg = Release|Any CPU
		{4CD9E175-C11A-4C33-8291-05B1CEB86D7A}.Release|x86.Build.0 = Release|Any CPU
		{03A4CA19-43C6-4117-8568-7320E639F306}.Debug|Any CPU.ActiveCfg = Debug|Any CPU
		{03A4CA19-43C6-4117-8568-7320E639F306}.Debug|Any CPU.Build.0 = Debug|Any CPU
		{03A4CA19-43C6-4117-8568-7320E639F306}.Debug|x64.ActiveCfg = Debug|Any CPU
		{03A4CA19-43C6-4117-8568-7320E639F306}.Debug|x64.Build.0 = Debug|Any CPU
		{03A4CA19-43C6-4117-8568-7320E639F306}.Debug|x86.ActiveCfg = Debug|Any CPU
		{03A4CA19-43C6-4117-8568-7320E639F306}.Debug|x86.Build.0 = Debug|Any CPU
		{03A4CA19-43C6-4117-8568-7320E639F306}.Release|Any CPU.ActiveCfg = Release|Any CPU
		{03A4CA19-43C6-4117-8568-7320E639F306}.Release|Any CPU.Build.0 = Release|Any CPU
		{03A4CA19-43C6-4117-8568-7320E639F306}.Release|x64.ActiveCfg = Release|Any CPU
		{03A4CA19-43C6-4117-8568-7320E639F306}.Release|x64.Build.0 = Release|Any CPU
		{03A4CA19-43C6-4117-8568-7320E639F306}.Release|x86.ActiveCfg = Release|Any CPU
		{03A4CA19-43C6-4117-8568-7320E639F306}.Release|x86.Build.0 = Release|Any CPU
		{E251374C-20AD-4654-98E2-0366C8DC7BCF}.Debug|Any CPU.ActiveCfg = Debug|Any CPU
		{E251374C-20AD-4654-98E2-0366C8DC7BCF}.Debug|Any CPU.Build.0 = Debug|Any CPU
		{E251374C-20AD-4654-98E2-0366C8DC7BCF}.Debug|x64.ActiveCfg = Debug|Any CPU
		{E251374C-20AD-4654-98E2-0366C8DC7BCF}.Debug|x64.Build.0 = Debug|Any CPU
		{E251374C-20AD-4654-98E2-0366C8DC7BCF}.Debug|x86.ActiveCfg = Debug|Any CPU
		{E251374C-20AD-4654-98E2-0366C8DC7BCF}.Debug|x86.Build.0 = Debug|Any CPU
		{E251374C-20AD-4654-98E2-0366C8DC7BCF}.Release|Any CPU.ActiveCfg = Release|Any CPU
		{E251374C-20AD-4654-98E2-0366C8DC7BCF}.Release|Any CPU.Build.0 = Release|Any CPU
		{E251374C-20AD-4654-98E2-0366C8DC7BCF}.Release|x64.ActiveCfg = Release|Any CPU
		{E251374C-20AD-4654-98E2-0366C8DC7BCF}.Release|x64.Build.0 = Release|Any CPU
		{E251374C-20AD-4654-98E2-0366C8DC7BCF}.Release|x86.ActiveCfg = Release|Any CPU
		{E251374C-20AD-4654-98E2-0366C8DC7BCF}.Release|x86.Build.0 = Release|Any CPU
		{9AD2ECA8-753A-4784-9C60-D5670977245A}.Debug|Any CPU.ActiveCfg = Debug|Any CPU
		{9AD2ECA8-753A-4784-9C60-D5670977245A}.Debug|Any CPU.Build.0 = Debug|Any CPU
		{9AD2ECA8-753A-4784-9C60-D5670977245A}.Debug|x64.ActiveCfg = Debug|Any CPU
		{9AD2ECA8-753A-4784-9C60-D5670977245A}.Debug|x64.Build.0 = Debug|Any CPU
		{9AD2ECA8-753A-4784-9C60-D5670977245A}.Debug|x86.ActiveCfg = Debug|Any CPU
		{9AD2ECA8-753A-4784-9C60-D5670977245A}.Debug|x86.Build.0 = Debug|Any CPU
		{9AD2ECA8-753A-4784-9C60-D5670977245A}.Release|Any CPU.ActiveCfg = Release|Any CPU
		{9AD2ECA8-753A-4784-9C60-D5670977245A}.Release|Any CPU.Build.0 = Release|Any CPU
		{9AD2ECA8-753A-4784-9C60-D5670977245A}.Release|x64.ActiveCfg = Release|Any CPU
		{9AD2ECA8-753A-4784-9C60-D5670977245A}.Release|x64.Build.0 = Release|Any CPU
		{9AD2ECA8-753A-4784-9C60-D5670977245A}.Release|x86.ActiveCfg = Release|Any CPU
		{9AD2ECA8-753A-4784-9C60-D5670977245A}.Release|x86.Build.0 = Release|Any CPU
	EndGlobalSection
EndGlobal
